
Microsoft Visual Studio Solution File, Format Version 12.00
# Visual Studio 2012
Project("{FAE04EC0-301F-11D3-BF4B-00C04F79EFBC}") = "Demo.SelfHostTesting.Service.Tests", "Demo.SelfHostTesting.Service.Tests\Demo.SelfHostTesting.Service.Tests.csproj", "{A962B40B-C303-4EA3-BEE2-F331966B6FFC}"
EndProject
Global
	GlobalSection(SolutionConfigurationPlatforms) = preSolution
		Debug|Any CPU = Debug|Any CPU
		Release|Any CPU = Release|Any CPU
	EndGlobalSection
	GlobalSection(ProjectConfigurationPlatforms) = postSolution
		{A962B40B-C303-4EA3-BEE2-F331966B6FFC}.Debug|Any CPU.ActiveCfg = Debug|Any CPU
		{A962B40B-C303-4EA3-BEE2-F331966B6FFC}.Debug|Any CPU.Build.0 = Debug|Any CPU
		{A962B40B-C303-4EA3-BEE2-F331966B6FFC}.Release|Any CPU.ActiveCfg = Release|Any CPU
		{A962B40B-C303-4EA3-BEE2-F331966B6FFC}.Release|Any CPU.Build.0 = Release|Any CPU
	EndGlobalSection
	GlobalSection(SolutionProperties) = preSolution
		HideSolutionNode = FALSE
	EndGlobalSection
EndGlobal
