
Microsoft Visual Studio Solution File, Format Version 12.00
# Visual Studio 2012
Project("{FAE04EC0-301F-11D3-BF4B-00C04F79EFBC}") = "Demo.SelfHostTesting.Service.Tests", "Demo.SelfHostTesting.Service.Tests\Demo.SelfHostTesting.Service.Tests.csproj", "{A962B40B-C303-4EA3-BEE2-F331966B6FFC}"
EndProject
Project("{2150E333-8FDC-42A3-9474-1A3956D46DE8}") = ".nuget", ".nuget", "{177941D5-EA48-4BA8-819D-593B63389759}"
	ProjectSection(SolutionItems) = preProject
		.nuget\NuGet.Config = .nuget\NuGet.Config
		.nuget\NuGet.exe = .nuget\NuGet.exe
		.nuget\NuGet.targets = .nuget\NuGet.targets
	EndProjectSection
EndProject
Global
	GlobalSection(SolutionConfigurationPlatforms) = preSolution
		Debug|Any CPU = Debug|Any CPU
		Release|Any CPU = Release|Any CPU
	EndGlobalSection
	GlobalSection(ProjectConfigurationPlatforms) = postSolution
		{A962B40B-C303-4EA3-BEE2-F331966B6FFC}.Debug|Any CPU.ActiveCfg = Debug|Any CPU
		{A962B40B-C303-4EA3-BEE2-F331966B6FFC}.Debug|Any CPU.Build.0 = Debug|Any CPU
		{A962B40B-C303-4EA3-BEE2-F331966B6FFC}.Release|Any CPU.ActiveCfg = Release|Any CPU
		{A962B40B-C303-4EA3-BEE2-F331966B6FFC}.Release|Any CPU.Build.0 = Release|Any CPU
	EndGlobalSection
	GlobalSection(SolutionProperties) = preSolution
		HideSolutionNode = FALSE
	EndGlobalSection
EndGlobal
